
Microsoft Visual Studio Solution File, Format Version 12.00
# Visual Studio 2012
Project("{8BC9CEB8-8B4A-11D0-8D11-00A0C91BC942}") = "simplest_ffmpeg_demuxer", "simplest_ffmpeg_demuxer\simplest_ffmpeg_demuxer.vcxproj", "{7177DA9B-15C5-42FD-9167-20B31EE7DF97}"
EndProject
Global
	GlobalSection(SolutionConfigurationPlatforms) = preSolution
		Debug|Win32 = Debug|Win32
		Release|Win32 = Release|Win32
	EndGlobalSection
	GlobalSection(ProjectConfigurationPlatforms) = postSolution
		{7177DA9B-15C5-42FD-9167-20B31EE7DF97}.Debug|Win32.ActiveCfg = Debug|Win32
		{7177DA9B-15C5-42FD-9167-20B31EE7DF97}.Debug|Win32.Build.0 = Debug|Win32
		{7177DA9B-15C5-42FD-9167-20B31EE7DF97}.Release|Win32.ActiveCfg = Release|Win32
		{7177DA9B-15C5-42FD-9167-20B31EE7DF97}.Release|Win32.Build.0 = Release|Win32
	EndGlobalSection
	GlobalSection(SolutionProperties) = preSolution
		HideSolutionNode = FALSE
	EndGlobalSection
EndGlobal
